<Solution>
  <Project Path="GeoConvert/GeoConvert.csproj" />
  <Project Path="GeoConvert.Cli/GeoConvert.Cli.csproj" />
  <Project Path="Tests/Tests.csproj" />
  <Folder Name="/SolutionItems/">
    <File Path="appveyor.yml" />
    <File Path="Directory.Build.props" />
    <File Path="Directory.Packages.props" />
    <File Path="mdsnippets.json" />
    <File Path="nuget.config" />
  </Folder>
</Solution>
